
Microsoft Visual Studio Solution File, Format Version 12.00
# Visual Studio Version 17
VisualStudioVersion = 17.3.32825.248
MinimumVisualStudioVersion = 10.0.40219.1
Project("{FAE04EC0-301F-11D3-BF4B-00C04F79EFBC}") = "EmployeeDetails", "EmployeeDetails.csproj", "{A3BCC8D5-B70E-4C0C-AE18-5AFDDFC2A588}"
EndProject
Global
	GlobalSection(SolutionConfigurationPlatforms) = preSolution
		Debug|Any CPU = Debug|Any CPU
		Release|Any CPU = Release|Any CPU
	EndGlobalSection
	GlobalSection(ProjectConfigurationPlatforms) = postSolution
		{A3BCC8D5-B70E-4C0C-AE18-5AFDDFC2A588}.Debug|Any CPU.ActiveCfg = Debug|Any CPU
		{A3BCC8D5-B70E-4C0C-AE18-5AFDDFC2A588}.Debug|Any CPU.Build.0 = Debug|Any CPU
		{A3BCC8D5-B70E-4C0C-AE18-5AFDDFC2A588}.Release|Any CPU.ActiveCfg = Release|Any CPU
		{A3BCC8D5-B70E-4C0C-AE18-5AFDDFC2A588}.Release|Any CPU.Build.0 = Release|Any CPU
	EndGlobalSection
	GlobalSection(SolutionProperties) = preSolution
		HideSolutionNode = FALSE
	EndGlobalSection
	GlobalSection(ExtensibilityGlobals) = postSolution
		SolutionGuid = {4437F8EE-30A9-40EF-89FC-3054ECC26A25}
	EndGlobalSection
EndGlobal
